
Microsoft Visual Studio Solution File, Format Version 12.00
# Visual Studio Version 16
VisualStudioVersion = 16.0.31729.503
MinimumVisualStudioVersion = 10.0.40219.1
Project("{FAE04EC0-301F-11D3-BF4B-00C04F79EFBC}") = "module3-solution", "module3-solution1\module3-solution.csproj", "{0969A60A-DF0C-4D83-97B2-5623520003CD}"
EndProject
Global
	GlobalSection(SolutionConfigurationPlatforms) = preSolution
		Debug|Any CPU = Debug|Any CPU
		Release|Any CPU = Release|Any CPU
	EndGlobalSection
	GlobalSection(ProjectConfigurationPlatforms) = postSolution
		{0969A60A-DF0C-4D83-97B2-5623520003CD}.Debug|Any CPU.ActiveCfg = Debug|Any CPU
		{0969A60A-DF0C-4D83-97B2-5623520003CD}.Debug|Any CPU.Build.0 = Debug|Any CPU
		{0969A60A-DF0C-4D83-97B2-5623520003CD}.Release|Any CPU.ActiveCfg = Release|Any CPU
		{0969A60A-DF0C-4D83-97B2-5623520003CD}.Release|Any CPU.Build.0 = Release|Any CPU
	EndGlobalSection
	GlobalSection(SolutionProperties) = preSolution
		HideSolutionNode = FALSE
	EndGlobalSection
	GlobalSection(ExtensibilityGlobals) = postSolution
		SolutionGuid = {067E45F1-FDBD-43F3-810E-072C69061408}
	EndGlobalSection
EndGlobal
